[[package]]
name = "appdirs"
version = "1.4.4"
description = "A small Python module for determining appropriate platform-specific dirs, e.g. a \"user data dir\"."
category = "main"
optional = false
python-versions = "*"

[[package]]
name = "termcolor"
version = "2.0.1"
description = "ANSI color formatting for output in terminal"
category = "main"
optional = false
python-versions = ">=3.7"

[package.extras]
tests = ["pytest", "pytest-cov"]

[metadata]
lock-version = "1.1"
python-versions = "^3.10"
content-hash = "2b9ac9f65a7e6976bf9f4934984c4e69eb8f57bbf3b9cdcc26b2abf1e2ca9f07"

[metadata.files]
appdirs = [
    {file = "appdirs-1.4.4-py2.py3-none-any.whl", hash = "sha256:a841dacd6b99318a741b166adb07e19ee71a274450e68237b4650ca1055ab128"},
    {file = "appdirs-1.4.4.tar.gz", hash = "sha256:7d5d0167b2b1ba821647616af46a749d1c653740dd0d2415100fe26e27afdf41"},
]
termcolor = [
    {file = "termcolor-2.0.1-py3-none-any.whl", hash = "sha256:7e597f9de8e001a3208c4132938597413b9da45382b6f1d150cff8d062b7aaa3"},
    {file = "termcolor-2.0.1.tar.gz", hash = "sha256:6b2cf769e93364a2676e1de56a7c0cff2cf5bd07f37e9cc80b0dd6320ebfe388"},
]
